
Microsoft Visual Studio Solution File, Format Version 12.00
# Visual Studio Version 16
VisualStudioVersion = 16.0.33423.256
MinimumVisualStudioVersion = 10.0.40219.1
Project("{8BC9CEB8-8B4A-11D0-8D11-00A0C91BC942}") = "Week 14", "Week 14\Week 14.vcxproj", "{D40EC153-CC59-4C0B-93FA-907411A48AFF}"
EndProject
Global
	GlobalSection(SolutionConfigurationPlatforms) = preSolution
		Debug|x64 = Debug|x64
		Debug|x86 = Debug|x86
		Release|x64 = Release|x64
		Release|x86 = Release|x86
	EndGlobalSection
	GlobalSection(ProjectConfigurationPlatforms) = postSolution
		{D40EC153-CC59-4C0B-93FA-907411A48AFF}.Debug|x64.ActiveCfg = Debug|x64
		{D40EC153-CC59-4C0B-93FA-907411A48AFF}.Debug|x64.Build.0 = Debug|x64
		{D40EC153-CC59-4C0B-93FA-907411A48AFF}.Debug|x86.ActiveCfg = Debug|Win32
		{D40EC153-CC59-4C0B-93FA-907411A48AFF}.Debug|x86.Build.0 = Debug|Win32
		{D40EC153-CC59-4C0B-93FA-907411A48AFF}.Release|x64.ActiveCfg = Release|x64
		{D40EC153-CC59-4C0B-93FA-907411A48AFF}.Release|x64.Build.0 = Release|x64
		{D40EC153-CC59-4C0B-93FA-907411A48AFF}.Release|x86.ActiveCfg = Release|Win32
		{D40EC153-CC59-4C0B-93FA-907411A48AFF}.Release|x86.Build.0 = Release|Win32
	EndGlobalSection
	GlobalSection(SolutionProperties) = preSolution
		HideSolutionNode = FALSE
	EndGlobalSection
	GlobalSection(ExtensibilityGlobals) = postSolution
		SolutionGuid = {B9148BE5-AE2A-4CBC-A370-AC47F5B70CEE}
	EndGlobalSection
EndGlobal
